# generated by rye
# use `rye lock` or `rye sync` to update this lockfile
#
# last locked with the following flags:
#   pre: false
#   features: []
#   all-features: false
#   with-sources: false
#   generate-hashes: false

-e file:.
anyio==4.3.0
    # via httpx
certifi==2024.2.2
    # via httpcore
    # via httpx
construct==2.10.68
    # via construct-typing
construct-typing==0.5.6
    # via solana
h11==0.14.0
    # via httpcore
httpcore==1.0.5
    # via httpx
httpx==0.27.0
    # via solana
idna==3.7
    # via anyio
    # via httpx
jsonalias==0.1.1
    # via solders
orjson==3.10.3
    # via sol-wallets
simple-term-menu==1.6.4
    # via sol-wallets
sniffio==1.3.1
    # via anyio
    # via httpx
solana==0.34.0
    # via sol-wallets
solders==0.21.0
    # via sol-wallets
    # via solana
typing-extensions==4.12.0
    # via solana
    # via solders
websockets==11.0.3
    # via solana
